// !$*UTF8*$!
{
	archiveVersion = 1;
	classes = {
	};
	objectVersion = 56;
	objects = {

/* Begin PBXBuildFile section */
		6B381D612A778B6D00AD039B /* SwiftUiMemoApp.swift in Sources */ = {isa = PBXBuildFile; fileRef = 6B381D602A778B6D00AD039B /* SwiftUiMemoApp.swift */; };
		6B381D632A778B6D00AD039B /* Persistence.swift in Sources */ = {isa = PBXBuildFile; fileRef = 6B381D622A778B6D00AD039B /* Persistence.swift */; };
		6B381D662A778B6D00AD039B /* SwiftUiMemo.xcdatamodeld in Sources */ = {isa = PBXBuildFile; fileRef = 6B381D642A778B6D00AD039B /* SwiftUiMemo.xcdatamodeld */; };
		6B381D6A2A778B6E00AD039B /* Assets.xcassets in Resources */ = {isa = PBXBuildFile; fileRef = 6B381D692A778B6E00AD039B /* Assets.xcassets */; };
		6B381D6E2A778B6E00AD039B /* Preview Assets.xcassets in Resources */ = {isa = PBXBuildFile; fileRef = 6B381D6D2A778B6E00AD039B /* Preview Assets.xcassets */; };
		6B381D752A778C0300AD039B /* MainListView.swift in Sources */ = {isa = PBXBuildFile; fileRef = 6B381D742A778C0300AD039B /* MainListView.swift */; };
		6B381D792A778CCC00AD039B /* Memo.swift in Sources */ = {isa = PBXBuildFile; fileRef = 6B381D782A778CCC00AD039B /* Memo.swift */; };
		6B381D7B2A7790A500AD039B /* MemoStore.swift in Sources */ = {isa = PBXBuildFile; fileRef = 6B381D7A2A7790A500AD039B /* MemoStore.swift */; };
/* End PBXBuildFile section */

/* Begin PBXFileReference section */
		6B381D5D2A778B6D00AD039B /* SwiftUiMemo.app */ = {isa = PBXFileReference; explicitFileType = wrapper.application; includeInIndex = 0; path = SwiftUiMemo.app; sourceTree = BUILT_PRODUCTS_DIR; };
		6B381D602A778B6D00AD039B /* SwiftUiMemoApp.swift */ = {isa = PBXFileReference; lastKnownFileType = sourcecode.swift; path = SwiftUiMemoApp.swift; sourceTree = "<group>"; };
		6B381D622A778B6D00AD039B /* Persistence.swift */ = {isa = PBXFileReference; lastKnownFileType = sourcecode.swift; path = Persistence.swift; sourceTree = "<group>"; };
		6B381D652A778B6D00AD039B /* SwiftUiMemo.xcdatamodel */ = {isa = PBXFileReference; lastKnownFileType = wrapper.xcdatamodel; path = SwiftUiMemo.xcdatamodel; sourceTree = "<group>"; };
		6B381D692A778B6E00AD039B /* Assets.xcassets */ = {isa = PBXFileReference; lastKnownFileType = folder.assetcatalog; path = Assets.xcassets; sourceTree = "<group>"; };
		6B381D6B2A778B6E00AD039B /* SwiftUiMemo.entitlements */ = {isa = PBXFileReference; lastKnownFileType = text.plist.entitlements; path = SwiftUiMemo.entitlements; sourceTree = "<group>"; };
		6B381D6D2A778B6E00AD039B /* Preview Assets.xcassets */ = {isa = PBXFileReference; lastKnownFileType = folder.assetcatalog; path = "Preview Assets.xcassets"; sourceTree = "<group>"; };
		6B381D742A778C0300AD039B /* MainListView.swift */ = {isa = PBXFileReference; lastKnownFileType = sourcecode.swift; path = MainListView.swift; sourceTree = "<group>"; };
		6B381D782A778CCC00AD039B /* Memo.swift */ = {isa = PBXFileReference; lastKnownFileType = sourcecode.swift; name = Memo.swift; path = SwiftUiMemo/Memory/Memo.swift; sourceTree = SOURCE_ROOT; };
		6B381D7A2A7790A500AD039B /* MemoStore.swift */ = {isa = PBXFileReference; lastKnownFileType = sourcecode.swift; path = MemoStore.swift; sourceTree = "<group>"; };
/* End PBXFileReference section */

/* Begin PBXFrameworksBuildPhase section */
		6B381D5A2A778B6D00AD039B /* Frameworks */ = {
			isa = PBXFrameworksBuildPhase;
			buildActionMask = 2147483647;
			files = (
			);
			runOnlyForDeploymentPostprocessing = 0;
		};
/* End PBXFrameworksBuildPhase section */

/* Begin PBXGroup section */
		6B381D542A778B6D00AD039B = {
			isa = PBXGroup;
			children = (
				6B381D5F2A778B6D00AD039B /* SwiftUiMemo */,
				6B381D5E2A778B6D00AD039B /* Products */,
			);
			sourceTree = "<group>";
		};
		6B381D5E2A778B6D00AD039B /* Products */ = {
			isa = PBXGroup;
			children = (
				6B381D5D2A778B6D00AD039B /* SwiftUiMemo.app */,
			);
			name = Products;
			sourceTree = "<group>";
		};
		6B381D5F2A778B6D00AD039B /* SwiftUiMemo */ = {
			isa = PBXGroup;
			children = (
				6B381D772A778C4600AD039B /* Memory */,
				6B381D762A778C2000AD039B /* CoreData */,
				6B381D602A778B6D00AD039B /* SwiftUiMemoApp.swift */,
				6B381D742A778C0300AD039B /* MainListView.swift */,
				6B381D692A778B6E00AD039B /* Assets.xcassets */,
				6B381D6B2A778B6E00AD039B /* SwiftUiMemo.entitlements */,
				6B381D6C2A778B6E00AD039B /* Preview Content */,
			);
			path = SwiftUiMemo;
			sourceTree = "<group>";
		};
		6B381D6C2A778B6E00AD039B /* Preview Content */ = {
			isa = PBXGroup;
			children = (
				6B381D6D2A778B6E00AD039B /* Preview Assets.xcassets */,
			);
			path = "Preview Content";
			sourceTree = "<group>";
		};
		6B381D762A778C2000AD039B /* CoreData */ = {
			isa = PBXGroup;
			children = (
				6B381D622A778B6D00AD039B /* Persistence.swift */,
				6B381D642A778B6D00AD039B /* SwiftUiMemo.xcdatamodeld */,
			);
			path = CoreData;
			sourceTree = "<group>";
		};
		6B381D772A778C4600AD039B /* Memory */ = {
			isa = PBXGroup;
			children = (
				6B381D782A778CCC00AD039B /* Memo.swift */,
				6B381D7A2A7790A500AD039B /* MemoStore.swift */,
			);
			path = Memory;
			sourceTree = "<group>";
		};
/* End PBXGroup section */

/* Begin PBXNativeTarget section */
		6B381D5C2A778B6D00AD039B /* SwiftUiMemo */ = {
			isa = PBXNativeTarget;
			buildConfigurationList = 6B381D712A778B6E00AD039B /* Build configuration list for PBXNativeTarget "SwiftUiMemo" */;
			buildPhases = (
				6B381D592A778B6D00AD039B /* Sources */,
				6B381D5A2A778B6D00AD039B /* Frameworks */,
				6B381D5B2A778B6D00AD039B /* Resources */,
			);
			buildRules = (
			);
			dependencies = (
			);
			name = SwiftUiMemo;
			productName = SwiftUiMemo;
			productReference = 6B381D5D2A778B6D00AD039B /* SwiftUiMemo.app */;
			productType = "com.apple.product-type.application";
		};
/* End PBXNativeTarget section */

/* Begin PBXProject section */
		6B381D552A778B6D00AD039B /* Project object */ = {
			isa = PBXProject;
			attributes = {
				BuildIndependentTargetsInParallel = 1;
				LastSwiftUpdateCheck = 1430;
				LastUpgradeCheck = 1430;
				TargetAttributes = {
					6B381D5C2A778B6D00AD039B = {
						CreatedOnToolsVersion = 14.3.1;
					};
				};
			};
			buildConfigurationList = 6B381D582A778B6D00AD039B /* Build configuration list for PBXProject "SwiftUiMemo" */;
			compatibilityVersion = "Xcode 14.0";
			developmentRegion = en;
			hasScannedForEncodings = 0;
			knownRegions = (
				en,
				Base,
			);
			mainGroup = 6B381D542A778B6D00AD039B;
			productRefGroup = 6B381D5E2A778B6D00AD039B /* Products */;
			projectDirPath = "";
			projectRoot = "";
			targets = (
				6B381D5C2A778B6D00AD039B /* SwiftUiMemo */,
			);
		};
/* End PBXProject section */

/* Begin PBXResourcesBuildPhase section */
		6B381D5B2A778B6D00AD039B /* Resources */ = {
			isa = PBXResourcesBuildPhase;
			buildActionMask = 2147483647;
			files = (
				6B381D6E2A778B6E00AD039B /* Preview Assets.xcassets in Resources */,
				6B381D6A2A778B6E00AD039B /* Assets.xcassets in Resources */,
			);
			runOnlyForDeploymentPostprocessing = 0;
		};
/* End PBXResourcesBuildPhase section */

/* Begin PBXSourcesBuildPhase section */
		6B381D592A778B6D00AD039B /* Sources */ = {
			isa = PBXSourcesBuildPhase;
			buildActionMask = 2147483647;
			files = (
				6B381D612A778B6D00AD039B /* SwiftUiMemoApp.swift in Sources */,
				6B381D7B2A7790A500AD039B /* MemoStore.swift in Sources */,
				6B381D752A778C0300AD039B /* MainListView.swift in Sources */,
				6B381D662A778B6D00AD039B /* SwiftUiMemo.xcdatamodeld in Sources */,
				6B381D632A778B6D00AD039B /* Persistence.swift in Sources */,
				6B381D792A778CCC00AD039B /* Memo.swift in Sources */,
			);
			runOnlyForDeploymentPostprocessing = 0;
		};
/* End PBXSourcesBuildPhase section */

/* Begin XCBuildConfiguration section */
		6B381D6F2A778B6E00AD039B /* Debug */ = {
			isa = XCBuildConfiguration;
			buildSettings = {
				ALWAYS_SEARCH_USER_PATHS = NO;
				CLANG_ANALYZER_NONNULL = YES;
				CLANG_ANALYZER_NUMBER_OBJECT_CONVERSION = YES_AGGRESSIVE;
				CLANG_CXX_LANGUAGE_STANDARD = "gnu++20";
				CLANG_ENABLE_MODULES = YES;
				CLANG_ENABLE_OBJC_ARC = YES;
				CLANG_ENABLE_OBJC_WEAK = YES;
				CLANG_WARN_BLOCK_CAPTURE_AUTORELEASING = YES;
				CLANG_WARN_BOOL_CONVERSION = YES;
				CLANG_WARN_COMMA = YES;
				CLANG_WARN_CONSTANT_CONVERSION = YES;
				CLANG_WARN_DEPRECATED_OBJC_IMPLEMENTATIONS = YES;
				CLANG_WARN_DIRECT_OBJC_ISA_USAGE = YES_ERROR;
				CLANG_WARN_DOCUMENTATION_COMMENTS = YES;
				CLANG_WARN_EMPTY_BODY = YES;
				CLANG_WARN_ENUM_CONVERSION = YES;
				CLANG_WARN_INFINITE_RECURSION = YES;
				CLANG_WARN_INT_CONVERSION = YES;
				CLANG_WARN_NON_LITERAL_NULL_CONVERSION = YES;
				CLANG_WARN_OBJC_IMPLICIT_RETAIN_SELF = YES;
				CLANG_WARN_OBJC_LITERAL_CONVERSION = YES;
				CLANG_WARN_OBJC_ROOT_CLASS = YES_ERROR;
				CLANG_WARN_QUOTED_INCLUDE_IN_FRAMEWORK_HEADER = YES;
				CLANG_WARN_RANGE_LOOP_ANALYSIS = YES;
				CLANG_WARN_STRICT_PROTOTYPES = YES;
				CLANG_WARN_SUSPICIOUS_MOVE = YES;
				CLANG_WARN_UNGUARDED_AVAILABILITY = YES_AGGRESSIVE;
				CLANG_WARN_UNREACHABLE_CODE = YES;
				CLANG_WARN__DUPLICATE_METHOD_MATCH = YES;
				COPY_PHASE_STRIP = NO;
				DEBUG_INFORMATION_FORMAT = dwarf;
				ENABLE_STRICT_OBJC_MSGSEND = YES;
				ENABLE_TESTABILITY = YES;
				GCC_C_LANGUAGE_STANDARD = gnu11;
				GCC_DYNAMIC_NO_PIC = NO;
				GCC_NO_COMMON_BLOCKS = YES;
				GCC_OPTIMIZATION_LEVEL = 0;
				GCC_PREPROCESSOR_DEFINITIONS = (
					"DEBUG=1",
					"$(inherited)",
				);
				GCC_WARN_64_TO_32_BIT_CONVERSION = YES;
				GCC_WARN_ABOUT_RETURN_TYPE = YES_ERROR;
				GCC_WARN_UNDECLARED_SELECTOR = YES;
				GCC_WARN_UNINITIALIZED_AUTOS = YES_AGGRESSIVE;
				GCC_WARN_UNUSED_FUNCTION = YES;
				GCC_WARN_UNUSED_VARIABLE = YES;
				MTL_ENABLE_DEBUG_INFO = INCLUDE_SOURCE;
				MTL_FAST_MATH = YES;
				ONLY_ACTIVE_ARCH = YES;
				SWIFT_ACTIVE_COMPILATION_CONDITIONS = DEBUG;
				SWIFT_OPTIMIZATION_LEVEL = "-Onone";
			};
			name = Debug;
		};
		6B381D702A778B6E00AD039B /* Release */ = {
			isa = XCBuildConfiguration;
			buildSettings = {
				ALWAYS_SEARCH_USER_PATHS = NO;
				CLANG_ANALYZER_NONNULL = YES;
				CLANG_ANALYZER_NUMBER_OBJECT_CONVERSION = YES_AGGRESSIVE;
				CLANG_CXX_LANGUAGE_STANDARD = "gnu++20";
				CLANG_ENABLE_MODULES = YES;
				CLANG_ENABLE_OBJC_ARC = YES;
				CLANG_ENABLE_OBJC_WEAK = YES;
				CLANG_WARN_BLOCK_CAPTURE_AUTORELEASING = YES;
				CLANG_WARN_BOOL_CONVERSION = YES;
				CLANG_WARN_COMMA = YES;
				CLANG_WARN_CONSTANT_CONVERSION = YES;
				CLANG_WARN_DEPRECATED_OBJC_IMPLEMENTATIONS = YES;
				CLANG_WARN_DIRECT_OBJC_ISA_USAGE = YES_ERROR;
				CLANG_WARN_DOCUMENTATION_COMMENTS = YES;
				CLANG_WARN_EMPTY_BODY = YES;
				CLANG_WARN_ENUM_CONVERSION = YES;
				CLANG_WARN_INFINITE_RECURSION = YES;
				CLANG_WARN_INT_CONVERSION = YES;
				CLANG_WARN_NON_LITERAL_NULL_CONVERSION = YES;
				CLANG_WARN_OBJC_IMPLICIT_RETAIN_SELF = YES;
				CLANG_WARN_OBJC_LITERAL_CONVERSION = YES;
				CLANG_WARN_OBJC_ROOT_CLASS = YES_ERROR;
				CLANG_WARN_QUOTED_INCLUDE_IN_FRAMEWORK_HEADER = YES;
				CLANG_WARN_RANGE_LOOP_ANALYSIS = YES;
				CLANG_WARN_STRICT_PROTOTYPES = YES;
				CLANG_WARN_SUSPICIOUS_MOVE = YES;
				CLANG_WARN_UNGUARDED_AVAILABILITY = YES_AGGRESSIVE;
				CLANG_WARN_UNREACHABLE_CODE = YES;
				CLANG_WARN__DUPLICATE_METHOD_MATCH = YES;
				COPY_PHASE_STRIP = NO;
				DEBUG_INFORMATION_FORMAT = "dwarf-with-dsym";
				ENABLE_NS_ASSERTIONS = NO;
				ENABLE_STRICT_OBJC_MSGSEND = YES;
				GCC_C_LANGUAGE_STANDARD = gnu11;
				GCC_NO_COMMON_BLOCKS = YES;
				GCC_WARN_64_TO_32_BIT_CONVERSION = YES;
				GCC_WARN_ABOUT_RETURN_TYPE = YES_ERROR;
				GCC_WARN_UNDECLARED_SELECTOR = YES;
				GCC_WARN_UNINITIALIZED_AUTOS = YES_AGGRESSIVE;
				GCC_WARN_UNUSED_FUNCTION = YES;
				GCC_WARN_UNUSED_VARIABLE = YES;
				MTL_ENABLE_DEBUG_INFO = NO;
				MTL_FAST_MATH = YES;
				SWIFT_COMPILATION_MODE = wholemodule;
				SWIFT_OPTIMIZATION_LEVEL = "-O";
			};
			name = Release;
		};
		6B381D722A778B6E00AD039B /* Debug */ = {
			isa = XCBuildConfiguration;
			buildSettings = {
				ASSETCATALOG_COMPILER_APPICON_NAME = AppIcon;
				ASSETCATALOG_COMPILER_GLOBAL_ACCENT_COLOR_NAME = AccentColor;
				CODE_SIGN_ENTITLEMENTS = SwiftUiMemo/SwiftUiMemo.entitlements;
				CODE_SIGN_STYLE = Automatic;
				CURRENT_PROJECT_VERSION = 1;
				DEVELOPMENT_ASSET_PATHS = "\"SwiftUiMemo/Preview Content\"";
				DEVELOPMENT_TEAM = F8Q3Y446GH;
				ENABLE_HARDENED_RUNTIME = YES;
				ENABLE_PREVIEWS = YES;
				GENERATE_INFOPLIST_FILE = YES;
				"INFOPLIST_KEY_UIApplicationSceneManifest_Generation[sdk=iphoneos*]" = YES;
				"INFOPLIST_KEY_UIApplicationSceneManifest_Generation[sdk=iphonesimulator*]" = YES;
				"INFOPLIST_KEY_UIApplicationSupportsIndirectInputEvents[sdk=iphoneos*]" = YES;
				"INFOPLIST_KEY_UIApplicationSupportsIndirectInputEvents[sdk=iphonesimulator*]" = YES;
				"INFOPLIST_KEY_UILaunchScreen_Generation[sdk=iphoneos*]" = YES;
				"INFOPLIST_KEY_UILaunchScreen_Generation[sdk=iphonesimulator*]" = YES;
				"INFOPLIST_KEY_UIStatusBarStyle[sdk=iphoneos*]" = UIStatusBarStyleDefault;
				"INFOPLIST_KEY_UIStatusBarStyle[sdk=iphonesimulator*]" = UIStatusBarStyleDefault;
				INFOPLIST_KEY_UISupportedInterfaceOrientations_iPad = "UIInterfaceOrientationPortrait UIInterfaceOrientationPortraitUpsideDown UIInterfaceOrientationLandscapeLeft UIInterfaceOrientationLandscapeRight";
				INFOPLIST_KEY_UISupportedInterfaceOrientations_iPhone = "UIInterfaceOrientationPortrait UIInterfaceOrientationLandscapeLeft UIInterfaceOrientationLandscapeRight";
				IPHONEOS_DEPLOYMENT_TARGET = 16.4;
				LD_RUNPATH_SEARCH_PATHS = "@executable_path/Frameworks";
				"LD_RUNPATH_SEARCH_PATHS[sdk=macosx*]" = "@executable_path/../Frameworks";
				MACOSX_DEPLOYMENT_TARGET = 13.3;
				MARKETING_VERSION = 1.0;
				PRODUCT_BUNDLE_IDENTIFIER = beom.SwiftUiMemo;
				PRODUCT_NAME = "$(TARGET_NAME)";
				SDKROOT = auto;
				SUPPORTED_PLATFORMS = "iphoneos iphonesimulator macosx";
				SWIFT_EMIT_LOC_STRINGS = YES;
				SWIFT_VERSION = 5.0;
				TARGETED_DEVICE_FAMILY = "1,2";
			};
			name = Debug;
		};
		6B381D732A778B6E00AD039B /* Release */ = {
			isa = XCBuildConfiguration;
			buildSettings = {
				ASSETCATALOG_COMPILER_APPICON_NAME = AppIcon;
				ASSETCATALOG_COMPILER_GLOBAL_ACCENT_COLOR_NAME = AccentColor;
				CODE_SIGN_ENTITLEMENTS = SwiftUiMemo/SwiftUiMemo.entitlements;
				CODE_SIGN_STYLE = Automatic;
				CURRENT_PROJECT_VERSION = 1;
				DEVELOPMENT_ASSET_PATHS = "\"SwiftUiMemo/Preview Content\"";
				DEVELOPMENT_TEAM = F8Q3Y446GH;
				ENABLE_HARDENED_RUNTIME = YES;
				ENABLE_PREVIEWS = YES;
				GENERATE_INFOPLIST_FILE = YES;
				"INFOPLIST_KEY_UIApplicationSceneManifest_Generation[sdk=iphoneos*]" = YES;
				"INFOPLIST_KEY_UIApplicationSceneManifest_Generation[sdk=iphonesimulator*]" = YES;
				"INFOPLIST_KEY_UIApplicationSupportsIndirectInputEvents[sdk=iphoneos*]" = YES;
				"INFOPLIST_KEY_UIApplicationSupportsIndirectInputEvents[sdk=iphonesimulator*]" = YES;
				"INFOPLIST_KEY_UILaunchScreen_Generation[sdk=iphoneos*]" = YES;
				"INFOPLIST_KEY_UILaunchScreen_Generation[sdk=iphonesimulator*]" = YES;
				"INFOPLIST_KEY_UIStatusBarStyle[sdk=iphoneos*]" = UIStatusBarStyleDefault;
				"INFOPLIST_KEY_UIStatusBarStyle[sdk=iphonesimulator*]" = UIStatusBarStyleDefault;
				INFOPLIST_KEY_UISupportedInterfaceOrientations_iPad = "UIInterfaceOrientationPortrait UIInterfaceOrientationPortraitUpsideDown UIInterfaceOrientationLandscapeLeft UIInterfaceOrientationLandscapeRight";
				INFOPLIST_KEY_UISupportedInterfaceOrientations_iPhone = "UIInterfaceOrientationPortrait UIInterfaceOrientationLandscapeLeft UIInterfaceOrientationLandscapeRight";
				IPHONEOS_DEPLOYMENT_TARGET = 16.4;
				LD_RUNPATH_SEARCH_PATHS = "@executable_path/Frameworks";
				"LD_RUNPATH_SEARCH_PATHS[sdk=macosx*]" = "@executable_path/../Frameworks";
				MACOSX_DEPLOYMENT_TARGET = 13.3;
				MARKETING_VERSION = 1.0;
				PRODUCT_BUNDLE_IDENTIFIER = beom.SwiftUiMemo;
				PRODUCT_NAME = "$(TARGET_NAME)";
				SDKROOT = auto;
				SUPPORTED_PLATFORMS = "iphoneos iphonesimulator macosx";
				SWIFT_EMIT_LOC_STRINGS = YES;
				SWIFT_VERSION = 5.0;
				TARGETED_DEVICE_FAMILY = "1,2";
			};
			name = Release;
		};
/* End XCBuildConfiguration section */

/* Begin XCConfigurationList section */
		6B381D582A778B6D00AD039B /* Build configuration list for PBXProject "SwiftUiMemo" */ = {
			isa = XCConfigurationList;
			buildConfigurations = (
				6B381D6F2A778B6E00AD039B /* Debug */,
				6B381D702A778B6E00AD039B /* Release */,
			);
			defaultConfigurationIsVisible = 0;
			defaultConfigurationName = Release;
		};
		6B381D712A778B6E00AD039B /* Build configuration list for PBXNativeTarget "SwiftUiMemo" */ = {
			isa = XCConfigurationList;
			buildConfigurations = (
				6B381D722A778B6E00AD039B /* Debug */,
				6B381D732A778B6E00AD039B /* Release */,
			);
			defaultConfigurationIsVisible = 0;
			defaultConfigurationName = Release;
		};
/* End XCConfigurationList section */

/* Begin XCVersionGroup section */
		6B381D642A778B6D00AD039B /* SwiftUiMemo.xcdatamodeld */ = {
			isa = XCVersionGroup;
			children = (
				6B381D652A778B6D00AD039B /* SwiftUiMemo.xcdatamodel */,
			);
			currentVersion = 6B381D652A778B6D00AD039B /* SwiftUiMemo.xcdatamodel */;
			path = SwiftUiMemo.xcdatamodeld;
			sourceTree = "<group>";
			versionGroupType = wrapper.xcdatamodel;
		};
/* End XCVersionGroup section */
	};
	rootObject = 6B381D552A778B6D00AD039B /* Project object */;
}
